
Microsoft Visual Studio Solution File, Format Version 12.00
# Visual Studio Version 17
VisualStudioVersion = 17.10.35013.160
MinimumVisualStudioVersion = 10.0.40219.1
Project("{9A19103F-16F7-4668-BE54-9A1E7A4F7556}") = "Modulith", "ModulithBoot\Modulith.csproj", "{88B772EB-5173-4A84-B211-A7219C201F04}"
EndProject
Project("{2150E333-8FDC-42A3-9474-1A3956D46DE8}") = "Modules", "Modules", "{7C8D97BB-2AB0-4D9B-922E-5B1E9FABCA36}"
EndProject
Project("{2150E333-8FDC-42A3-9474-1A3956D46DE8}") = "DocumentUpload", "DocumentUpload", "{7A06D4ED-96D4-4073-83B5-FB3517FF18C0}"
EndProject
Project("{2150E333-8FDC-42A3-9474-1A3956D46DE8}") = "User", "User", "{006C5EA7-C297-4512-8574-7FA63A2B2F95}"
EndProject
Project("{2150E333-8FDC-42A3-9474-1A3956D46DE8}") = "DirectTax", "DirectTax", "{B6B26B15-27C8-4F6E-AD5A-7C1C98040F1C}"
EndProject
Project("{2150E333-8FDC-42A3-9474-1A3956D46DE8}") = "Microservices", "Microservices", "{875740BF-B58D-4F7D-9AF4-10A276A23AA0}"
EndProject
Project("{9A19103F-16F7-4668-BE54-9A1E7A4F7556}") = "DocumentUpload.Infra", "modules\DocumentUpload.Infra\DocumentUpload.Infra.csproj", "{1360DEB1-4385-4F9F-9966-5B764B4BD3A5}"
EndProject
Project("{9A19103F-16F7-4668-BE54-9A1E7A4F7556}") = "DocumentUpload.Presentation", "modules\DocumentUpload.Presentation\DocumentUpload.Presentation.csproj", "{3C993868-4357-473D-9881-D28D60DF61D4}"
EndProject
Project("{9A19103F-16F7-4668-BE54-9A1E7A4F7556}") = "DocumentUpload.Service", "modules\DocumentUpload.Service\DocumentUpload.Service.csproj", "{6A2353FD-BFE4-4DA7-9E98-E0749DA5838C}"
EndProject
Project("{2150E333-8FDC-42A3-9474-1A3956D46DE8}") = "Appointment", "Appointment", "{BD2287B7-3B24-4B9F-900B-56FCF3B34021}"
EndProject
Project("{9A19103F-16F7-4668-BE54-9A1E7A4F7556}") = "Appointment.Infra", "modules\Appointment.Infra\Appointment.Infra.csproj", "{DE3ACB3E-6E82-407A-873B-DB5D16BC175F}"
EndProject
Project("{9A19103F-16F7-4668-BE54-9A1E7A4F7556}") = "Appointment.Service", "Appointment.Service\Appointment.Service.csproj", "{EDF3EC60-0A07-4F82-BB60-DD80A08DA72C}"
EndProject
Project("{9A19103F-16F7-4668-BE54-9A1E7A4F7556}") = "Appointment.Presentation", "Appointment.Presentation\Appointment.Presentation.csproj", "{7150BDF3-6FED-4DB1-B790-CD57D96DFC8A}"
EndProject
Project("{2150E333-8FDC-42A3-9474-1A3956D46DE8}") = "Compliance", "Compliance", "{63AD1D0E-6EDA-4ADC-AC86-3B849673032E}"
EndProject
Project("{2150E333-8FDC-42A3-9474-1A3956D46DE8}") = "Administration", "Administration", "{BED9CA2D-9ACA-4546-AD5A-21BA52EE1268}"
EndProject
Project("{2150E333-8FDC-42A3-9474-1A3956D46DE8}") = "Notification", "Notification", "{D8436158-FB35-4265-8803-E699D1390717}"
EndProject
Project("{9A19103F-16F7-4668-BE54-9A1E7A4F7556}") = "Admin.Infra", "modules\Admin.Infra\Admin.Infra.csproj", "{25E6234B-8634-47A4-889A-2F0D8CDC851F}"
EndProject
Project("{9A19103F-16F7-4668-BE54-9A1E7A4F7556}") = "Admin.Presentation", "modules\Admin.Presentation\Admin.Presentation.csproj", "{ACFD963C-953F-4BBE-A5CB-3B9C00F6EE8B}"
EndProject
Project("{9A19103F-16F7-4668-BE54-9A1E7A4F7556}") = "Admin.Service", "modules\Admin.Service\Admin.Service.csproj", "{F04FEA3D-EC3D-4B28-AA45-82CB1E77A92D}"
EndProject
Project("{9A19103F-16F7-4668-BE54-9A1E7A4F7556}") = "Compliance.Infra", "modules\Compliance.Infra\Compliance.Infra.csproj", "{C5817CD1-4A5D-4CDB-AA50-238620057EDC}"
EndProject
Project("{9A19103F-16F7-4668-BE54-9A1E7A4F7556}") = "Compliance.Service", "modules\Compliance.Service\Compliance.Service.csproj", "{828B9BBB-A27A-429B-8FB9-743EEF80A2B9}"
EndProject
Project("{9A19103F-16F7-4668-BE54-9A1E7A4F7556}") = "Compliance.Presentation", "modules\Compliance.Presentation\Compliance.Presentation.csproj", "{7EC95EE7-DD1F-48D7-A1C8-1F4473AE2BD9}"
EndProject
Project("{9A19103F-16F7-4668-BE54-9A1E7A4F7556}") = "Notify.Presentation", "modules\Notify.Presentation\Notify.Presentation.csproj", "{52495BD5-5A48-4A2A-BE91-D22CDAB1A0E6}"
EndProject
Project("{9A19103F-16F7-4668-BE54-9A1E7A4F7556}") = "Notify.Infra", "modules\Notify.Infra\Notify.Infra.csproj", "{A92BEAF3-D71B-44E1-BE2E-850720710678}"
EndProject
Project("{9A19103F-16F7-4668-BE54-9A1E7A4F7556}") = "Notify.Services", "modules\Notify.Services\Notify.Services.csproj", "{4A3F1774-A78A-4FC5-8A28-4F374F434196}"
EndProject
Project("{9A19103F-16F7-4668-BE54-9A1E7A4F7556}") = "Users.Service", "modules\Users.Service\Users.Service.csproj", "{3DECADD8-7A54-4E94-845A-367C69D3FA5F}"
EndProject
Project("{9A19103F-16F7-4668-BE54-9A1E7A4F7556}") = "Users.Presentation", "modules\Users.Presentation\Users.Presentation.csproj", "{00A0D920-C5BA-4DAE-B06C-F9B567070FEB}"
EndProject
Project("{9A19103F-16F7-4668-BE54-9A1E7A4F7556}") = "Users.Infra", "modules\Users.Infra\Users.Infra.csproj", "{C484888E-126D-4E87-9ABF-54FC89C9F334}"
EndProject
Project("{9A19103F-16F7-4668-BE54-9A1E7A4F7556}") = "Appointment.Contracts", "Appointment.Contracts\Appointment.Contracts.csproj", "{F7D17DA8-B51B-425C-8874-3CCC0257A495}"
EndProject
Project("{2150E333-8FDC-42A3-9474-1A3956D46DE8}") = "Shared", "Shared", "{DBE93D56-FAE3-4942-B6A1-194CCCB8917A}"
EndProject
Project("{9A19103F-16F7-4668-BE54-9A1E7A4F7556}") = "EventHandling.Common", "modules\Shared\EventHandling.Common\EventHandling.Common.csproj", "{DA4C22E4-4BF4-45E7-975C-213FDE6DCEA5}"
EndProject
Project("{9A19103F-16F7-4668-BE54-9A1E7A4F7556}") = "Compliance.Contracts", "modules\Compliance.Contracts\Compliance.Contracts.csproj", "{A27A7473-3226-4FA6-AA5B-F586A42496E3}"
EndProject
Project("{9A19103F-16F7-4668-BE54-9A1E7A4F7556}") = "ConsoleApp1", "ConsoleApp1\ConsoleApp1.csproj", "{24E4E402-4E80-4581-9B91-D7EBA212F58E}"
EndProject
Project("{FAE04EC0-301F-11D3-BF4B-00C04F79EFBC}") = "ExcelExport", "ExcelExport\ExcelExport.csproj", "{72567403-5CDC-4B0B-A7BA-844BD403059B}"
EndProject
Global
	GlobalSection(SolutionConfigurationPlatforms) = preSolution
		Debug|Any CPU = Debug|Any CPU
		Release|Any CPU = Release|Any CPU
	EndGlobalSection
	GlobalSection(ProjectConfigurationPlatforms) = postSolution
		{88B772EB-5173-4A84-B211-A7219C201F04}.Debug|Any CPU.ActiveCfg = Debug|Any CPU
		{88B772EB-5173-4A84-B211-A7219C201F04}.Debug|Any CPU.Build.0 = Debug|Any CPU
		{88B772EB-5173-4A84-B211-A7219C201F04}.Release|Any CPU.ActiveCfg = Release|Any CPU
		{88B772EB-5173-4A84-B211-A7219C201F04}.Release|Any CPU.Build.0 = Release|Any CPU
		{1360DEB1-4385-4F9F-9966-5B764B4BD3A5}.Debug|Any CPU.ActiveCfg = Debug|Any CPU
		{1360DEB1-4385-4F9F-9966-5B764B4BD3A5}.Debug|Any CPU.Build.0 = Debug|Any CPU
		{1360DEB1-4385-4F9F-9966-5B764B4BD3A5}.Release|Any CPU.ActiveCfg = Release|Any CPU
		{1360DEB1-4385-4F9F-9966-5B764B4BD3A5}.Release|Any CPU.Build.0 = Release|Any CPU
		{3C993868-4357-473D-9881-D28D60DF61D4}.Debug|Any CPU.ActiveCfg = Debug|Any CPU
		{3C993868-4357-473D-9881-D28D60DF61D4}.Debug|Any CPU.Build.0 = Debug|Any CPU
		{3C993868-4357-473D-9881-D28D60DF61D4}.Release|Any CPU.ActiveCfg = Release|Any CPU
		{3C993868-4357-473D-9881-D28D60DF61D4}.Release|Any CPU.Build.0 = Release|Any CPU
		{6A2353FD-BFE4-4DA7-9E98-E0749DA5838C}.Debug|Any CPU.ActiveCfg = Debug|Any CPU
		{6A2353FD-BFE4-4DA7-9E98-E0749DA5838C}.Debug|Any CPU.Build.0 = Debug|Any CPU
		{6A2353FD-BFE4-4DA7-9E98-E0749DA5838C}.Release|Any CPU.ActiveCfg = Release|Any CPU
		{6A2353FD-BFE4-4DA7-9E98-E0749DA5838C}.Release|Any CPU.Build.0 = Release|Any CPU
		{DE3ACB3E-6E82-407A-873B-DB5D16BC175F}.Debug|Any CPU.ActiveCfg = Debug|Any CPU
		{DE3ACB3E-6E82-407A-873B-DB5D16BC175F}.Debug|Any CPU.Build.0 = Debug|Any CPU
		{DE3ACB3E-6E82-407A-873B-DB5D16BC175F}.Release|Any CPU.ActiveCfg = Release|Any CPU
		{DE3ACB3E-6E82-407A-873B-DB5D16BC175F}.Release|Any CPU.Build.0 = Release|Any CPU
		{EDF3EC60-0A07-4F82-BB60-DD80A08DA72C}.Debug|Any CPU.ActiveCfg = Debug|Any CPU
		{EDF3EC60-0A07-4F82-BB60-DD80A08DA72C}.Debug|Any CPU.Build.0 = Debug|Any CPU
		{EDF3EC60-0A07-4F82-BB60-DD80A08DA72C}.Release|Any CPU.ActiveCfg = Release|Any CPU
		{EDF3EC60-0A07-4F82-BB60-DD80A08DA72C}.Release|Any CPU.Build.0 = Release|Any CPU
		{7150BDF3-6FED-4DB1-B790-CD57D96DFC8A}.Debug|Any CPU.ActiveCfg = Debug|Any CPU
		{7150BDF3-6FED-4DB1-B790-CD57D96DFC8A}.Debug|Any CPU.Build.0 = Debug|Any CPU
		{7150BDF3-6FED-4DB1-B790-CD57D96DFC8A}.Release|Any CPU.ActiveCfg = Release|Any CPU
		{7150BDF3-6FED-4DB1-B790-CD57D96DFC8A}.Release|Any CPU.Build.0 = Release|Any CPU
		{25E6234B-8634-47A4-889A-2F0D8CDC851F}.Debug|Any CPU.ActiveCfg = Debug|Any CPU
		{25E6234B-8634-47A4-889A-2F0D8CDC851F}.Debug|Any CPU.Build.0 = Debug|Any CPU
		{25E6234B-8634-47A4-889A-2F0D8CDC851F}.Release|Any CPU.ActiveCfg = Release|Any CPU
		{25E6234B-8634-47A4-889A-2F0D8CDC851F}.Release|Any CPU.Build.0 = Release|Any CPU
		{ACFD963C-953F-4BBE-A5CB-3B9C00F6EE8B}.Debug|Any CPU.ActiveCfg = Debug|Any CPU
		{ACFD963C-953F-4BBE-A5CB-3B9C00F6EE8B}.Debug|Any CPU.Build.0 = Debug|Any CPU
		{ACFD963C-953F-4BBE-A5CB-3B9C00F6EE8B}.Release|Any CPU.ActiveCfg = Release|Any CPU
		{ACFD963C-953F-4BBE-A5CB-3B9C00F6EE8B}.Release|Any CPU.Build.0 = Release|Any CPU
		{F04FEA3D-EC3D-4B28-AA45-82CB1E77A92D}.Debug|Any CPU.ActiveCfg = Debug|Any CPU
		{F04FEA3D-EC3D-4B28-AA45-82CB1E77A92D}.Debug|Any CPU.Build.0 = Debug|Any CPU
		{F04FEA3D-EC3D-4B28-AA45-82CB1E77A92D}.Release|Any CPU.ActiveCfg = Release|Any CPU
		{F04FEA3D-EC3D-4B28-AA45-82CB1E77A92D}.Release|Any CPU.Build.0 = Release|Any CPU
		{C5817CD1-4A5D-4CDB-AA50-238620057EDC}.Debug|Any CPU.ActiveCfg = Debug|Any CPU
		{C5817CD1-4A5D-4CDB-AA50-238620057EDC}.Debug|Any CPU.Build.0 = Debug|Any CPU
		{C5817CD1-4A5D-4CDB-AA50-238620057EDC}.Release|Any CPU.ActiveCfg = Release|Any CPU
		{C5817CD1-4A5D-4CDB-AA50-238620057EDC}.Release|Any CPU.Build.0 = Release|Any CPU
		{828B9BBB-A27A-429B-8FB9-743EEF80A2B9}.Debug|Any CPU.ActiveCfg = Debug|Any CPU
		{828B9BBB-A27A-429B-8FB9-743EEF80A2B9}.Debug|Any CPU.Build.0 = Debug|Any CPU
		{828B9BBB-A27A-429B-8FB9-743EEF80A2B9}.Release|Any CPU.ActiveCfg = Release|Any CPU
		{828B9BBB-A27A-429B-8FB9-743EEF80A2B9}.Release|Any CPU.Build.0 = Release|Any CPU
		{7EC95EE7-DD1F-48D7-A1C8-1F4473AE2BD9}.Debug|Any CPU.ActiveCfg = Debug|Any CPU
		{7EC95EE7-DD1F-48D7-A1C8-1F4473AE2BD9}.Debug|Any CPU.Build.0 = Debug|Any CPU
		{7EC95EE7-DD1F-48D7-A1C8-1F4473AE2BD9}.Release|Any CPU.ActiveCfg = Release|Any CPU
		{7EC95EE7-DD1F-48D7-A1C8-1F4473AE2BD9}.Release|Any CPU.Build.0 = Release|Any CPU
		{52495BD5-5A48-4A2A-BE91-D22CDAB1A0E6}.Debug|Any CPU.ActiveCfg = Debug|Any CPU
		{52495BD5-5A48-4A2A-BE91-D22CDAB1A0E6}.Debug|Any CPU.Build.0 = Debug|Any CPU
		{52495BD5-5A48-4A2A-BE91-D22CDAB1A0E6}.Release|Any CPU.ActiveCfg = Release|Any CPU
		{52495BD5-5A48-4A2A-BE91-D22CDAB1A0E6}.Release|Any CPU.Build.0 = Release|Any CPU
		{A92BEAF3-D71B-44E1-BE2E-850720710678}.Debug|Any CPU.ActiveCfg = Debug|Any CPU
		{A92BEAF3-D71B-44E1-BE2E-850720710678}.Debug|Any CPU.Build.0 = Debug|Any CPU
		{A92BEAF3-D71B-44E1-BE2E-850720710678}.Release|Any CPU.ActiveCfg = Release|Any CPU
		{A92BEAF3-D71B-44E1-BE2E-850720710678}.Release|Any CPU.Build.0 = Release|Any CPU
		{4A3F1774-A78A-4FC5-8A28-4F374F434196}.Debug|Any CPU.ActiveCfg = Debug|Any CPU
		{4A3F1774-A78A-4FC5-8A28-4F374F434196}.Debug|Any CPU.Build.0 = Debug|Any CPU
		{4A3F1774-A78A-4FC5-8A28-4F374F434196}.Release|Any CPU.ActiveCfg = Release|Any CPU
		{4A3F1774-A78A-4FC5-8A28-4F374F434196}.Release|Any CPU.Build.0 = Release|Any CPU
		{3DECADD8-7A54-4E94-845A-367C69D3FA5F}.Debug|Any CPU.ActiveCfg = Debug|Any CPU
		{3DECADD8-7A54-4E94-845A-367C69D3FA5F}.Debug|Any CPU.Build.0 = Debug|Any CPU
		{3DECADD8-7A54-4E94-845A-367C69D3FA5F}.Release|Any CPU.ActiveCfg = Release|Any CPU
		{3DECADD8-7A54-4E94-845A-367C69D3FA5F}.Release|Any CPU.Build.0 = Release|Any CPU
		{00A0D920-C5BA-4DAE-B06C-F9B567070FEB}.Debug|Any CPU.ActiveCfg = Debug|Any CPU
		{00A0D920-C5BA-4DAE-B06C-F9B567070FEB}.Debug|Any CPU.Build.0 = Debug|Any CPU
		{00A0D920-C5BA-4DAE-B06C-F9B567070FEB}.Release|Any CPU.ActiveCfg = Release|Any CPU
		{00A0D920-C5BA-4DAE-B06C-F9B567070FEB}.Release|Any CPU.Build.0 = Release|Any CPU
		{C484888E-126D-4E87-9ABF-54FC89C9F334}.Debug|Any CPU.ActiveCfg = Debug|Any CPU
		{C484888E-126D-4E87-9ABF-54FC89C9F334}.Debug|Any CPU.Build.0 = Debug|Any CPU
		{C484888E-126D-4E87-9ABF-54FC89C9F334}.Release|Any CPU.ActiveCfg = Release|Any CPU
		{C484888E-126D-4E87-9ABF-54FC89C9F334}.Release|Any CPU.Build.0 = Release|Any CPU
		{F7D17DA8-B51B-425C-8874-3CCC0257A495}.Debug|Any CPU.ActiveCfg = Debug|Any CPU
		{F7D17DA8-B51B-425C-8874-3CCC0257A495}.Debug|Any CPU.Build.0 = Debug|Any CPU
		{F7D17DA8-B51B-425C-8874-3CCC0257A495}.Release|Any CPU.ActiveCfg = Release|Any CPU
		{F7D17DA8-B51B-425C-8874-3CCC0257A495}.Release|Any CPU.Build.0 = Release|Any CPU
		{DA4C22E4-4BF4-45E7-975C-213FDE6DCEA5}.Debug|Any CPU.ActiveCfg = Debug|Any CPU
		{DA4C22E4-4BF4-45E7-975C-213FDE6DCEA5}.Debug|Any CPU.Build.0 = Debug|Any CPU
		{DA4C22E4-4BF4-45E7-975C-213FDE6DCEA5}.Release|Any CPU.ActiveCfg = Release|Any CPU
		{DA4C22E4-4BF4-45E7-975C-213FDE6DCEA5}.Release|Any CPU.Build.0 = Release|Any CPU
		{A27A7473-3226-4FA6-AA5B-F586A42496E3}.Debug|Any CPU.ActiveCfg = Debug|Any CPU
		{A27A7473-3226-4FA6-AA5B-F586A42496E3}.Debug|Any CPU.Build.0 = Debug|Any CPU
		{A27A7473-3226-4FA6-AA5B-F586A42496E3}.Release|Any CPU.ActiveCfg = Release|Any CPU
		{A27A7473-3226-4FA6-AA5B-F586A42496E3}.Release|Any CPU.Build.0 = Release|Any CPU
		{24E4E402-4E80-4581-9B91-D7EBA212F58E}.Debug|Any CPU.ActiveCfg = Debug|Any CPU
		{24E4E402-4E80-4581-9B91-D7EBA212F58E}.Debug|Any CPU.Build.0 = Debug|Any CPU
		{24E4E402-4E80-4581-9B91-D7EBA212F58E}.Release|Any CPU.ActiveCfg = Release|Any CPU
		{24E4E402-4E80-4581-9B91-D7EBA212F58E}.Release|Any CPU.Build.0 = Release|Any CPU
		{72567403-5CDC-4B0B-A7BA-844BD403059B}.Debug|Any CPU.ActiveCfg = Debug|Any CPU
		{72567403-5CDC-4B0B-A7BA-844BD403059B}.Debug|Any CPU.Build.0 = Debug|Any CPU
		{72567403-5CDC-4B0B-A7BA-844BD403059B}.Release|Any CPU.ActiveCfg = Release|Any CPU
		{72567403-5CDC-4B0B-A7BA-844BD403059B}.Release|Any CPU.Build.0 = Release|Any CPU
	EndGlobalSection
	GlobalSection(SolutionProperties) = preSolution
		HideSolutionNode = FALSE
	EndGlobalSection
	GlobalSection(NestedProjects) = preSolution
		{7A06D4ED-96D4-4073-83B5-FB3517FF18C0} = {7C8D97BB-2AB0-4D9B-922E-5B1E9FABCA36}
		{006C5EA7-C297-4512-8574-7FA63A2B2F95} = {7C8D97BB-2AB0-4D9B-922E-5B1E9FABCA36}
		{B6B26B15-27C8-4F6E-AD5A-7C1C98040F1C} = {7C8D97BB-2AB0-4D9B-922E-5B1E9FABCA36}
		{1360DEB1-4385-4F9F-9966-5B764B4BD3A5} = {7A06D4ED-96D4-4073-83B5-FB3517FF18C0}
		{3C993868-4357-473D-9881-D28D60DF61D4} = {7A06D4ED-96D4-4073-83B5-FB3517FF18C0}
		{6A2353FD-BFE4-4DA7-9E98-E0749DA5838C} = {7A06D4ED-96D4-4073-83B5-FB3517FF18C0}
		{BD2287B7-3B24-4B9F-900B-56FCF3B34021} = {7C8D97BB-2AB0-4D9B-922E-5B1E9FABCA36}
		{DE3ACB3E-6E82-407A-873B-DB5D16BC175F} = {BD2287B7-3B24-4B9F-900B-56FCF3B34021}
		{EDF3EC60-0A07-4F82-BB60-DD80A08DA72C} = {BD2287B7-3B24-4B9F-900B-56FCF3B34021}
		{7150BDF3-6FED-4DB1-B790-CD57D96DFC8A} = {BD2287B7-3B24-4B9F-900B-56FCF3B34021}
		{63AD1D0E-6EDA-4ADC-AC86-3B849673032E} = {7C8D97BB-2AB0-4D9B-922E-5B1E9FABCA36}
		{BED9CA2D-9ACA-4546-AD5A-21BA52EE1268} = {7C8D97BB-2AB0-4D9B-922E-5B1E9FABCA36}
		{D8436158-FB35-4265-8803-E699D1390717} = {7C8D97BB-2AB0-4D9B-922E-5B1E9FABCA36}
		{25E6234B-8634-47A4-889A-2F0D8CDC851F} = {BED9CA2D-9ACA-4546-AD5A-21BA52EE1268}
		{ACFD963C-953F-4BBE-A5CB-3B9C00F6EE8B} = {BED9CA2D-9ACA-4546-AD5A-21BA52EE1268}
		{F04FEA3D-EC3D-4B28-AA45-82CB1E77A92D} = {BED9CA2D-9ACA-4546-AD5A-21BA52EE1268}
		{C5817CD1-4A5D-4CDB-AA50-238620057EDC} = {63AD1D0E-6EDA-4ADC-AC86-3B849673032E}
		{828B9BBB-A27A-429B-8FB9-743EEF80A2B9} = {63AD1D0E-6EDA-4ADC-AC86-3B849673032E}
		{7EC95EE7-DD1F-48D7-A1C8-1F4473AE2BD9} = {63AD1D0E-6EDA-4ADC-AC86-3B849673032E}
		{52495BD5-5A48-4A2A-BE91-D22CDAB1A0E6} = {D8436158-FB35-4265-8803-E699D1390717}
		{A92BEAF3-D71B-44E1-BE2E-850720710678} = {D8436158-FB35-4265-8803-E699D1390717}
		{4A3F1774-A78A-4FC5-8A28-4F374F434196} = {D8436158-FB35-4265-8803-E699D1390717}
		{3DECADD8-7A54-4E94-845A-367C69D3FA5F} = {006C5EA7-C297-4512-8574-7FA63A2B2F95}
		{00A0D920-C5BA-4DAE-B06C-F9B567070FEB} = {006C5EA7-C297-4512-8574-7FA63A2B2F95}
		{C484888E-126D-4E87-9ABF-54FC89C9F334} = {006C5EA7-C297-4512-8574-7FA63A2B2F95}
		{F7D17DA8-B51B-425C-8874-3CCC0257A495} = {BD2287B7-3B24-4B9F-900B-56FCF3B34021}
		{DBE93D56-FAE3-4942-B6A1-194CCCB8917A} = {7C8D97BB-2AB0-4D9B-922E-5B1E9FABCA36}
		{DA4C22E4-4BF4-45E7-975C-213FDE6DCEA5} = {DBE93D56-FAE3-4942-B6A1-194CCCB8917A}
		{A27A7473-3226-4FA6-AA5B-F586A42496E3} = {63AD1D0E-6EDA-4ADC-AC86-3B849673032E}
	EndGlobalSection
	GlobalSection(ExtensibilityGlobals) = postSolution
		SolutionGuid = {0E7AC91B-7762-4765-9295-920482B85D85}
	EndGlobalSection
EndGlobal
